
Microsoft Visual Studio Solution File, Format Version 12.00
# Visual Studio Version 16
VisualStudioVersion = 16.0.30204.135
MinimumVisualStudioVersion = 10.0.40219.1
Project("{FAE04EC0-301F-11D3-BF4B-00C04F79EFBC}") = "NotelyApp", "NotelyApp\NotelyApp.csproj", "{80698B80-3C5D-40E6-8BF5-3DB9124B883E}"
EndProject
Global
	GlobalSection(SolutionConfigurationPlatforms) = preSolution
		Debug|Any CPU = Debug|Any CPU
		Release|Any CPU = Release|Any CPU
	EndGlobalSection
	GlobalSection(ProjectConfigurationPlatforms) = postSolution
		{80698B80-3C5D-40E6-8BF5-3DB9124B883E}.Debug|Any CPU.ActiveCfg = Debug|Any CPU
		{80698B80-3C5D-40E6-8BF5-3DB9124B883E}.Debug|Any CPU.Build.0 = Debug|Any CPU
		{80698B80-3C5D-40E6-8BF5-3DB9124B883E}.Release|Any CPU.ActiveCfg = Release|Any CPU
		{80698B80-3C5D-40E6-8BF5-3DB9124B883E}.Release|Any CPU.Build.0 = Release|Any CPU
	EndGlobalSection
	GlobalSection(SolutionProperties) = preSolution
		HideSolutionNode = FALSE
	EndGlobalSection
	GlobalSection(ExtensibilityGlobals) = postSolution
		SolutionGuid = {A711E123-86D9-4E33-8275-679A234E5C11}
	EndGlobalSection
EndGlobal
